
Microsoft Visual Studio Solution File, Format Version 12.00
# Visual Studio Version 17
VisualStudioVersion = 17.2.32616.157
MinimumVisualStudioVersion = 10.0.40219.1
Project("{FAE04EC0-301F-11D3-BF4B-00C04F79EFBC}") = "Backend.BL", "Backend.BL\Backend.BL.csproj", "{D7C5E52A-168D-40A6-B7B0-7A436DB71B85}"
EndProject
Project("{FAE04EC0-301F-11D3-BF4B-00C04F79EFBC}") = "Backend.API", "Backend.API\Backend.API.csproj", "{358C72BF-F732-45B2-8A5A-906440F42F30}"
EndProject
Project("{FAE04EC0-301F-11D3-BF4B-00C04F79EFBC}") = "Backend.Common", "Backend.Common\Backend.Common.csproj", "{A13D608C-A5BE-4C82-8BE1-CBDAF97D8D1A}"
EndProject
Project("{FAE04EC0-301F-11D3-BF4B-00C04F79EFBC}") = "Backend.DAL", "Backend.DA\Backend.DAL.csproj", "{4D496909-8915-44D5-97CE-A080764C74B7}"
EndProject
Global
	GlobalSection(SolutionConfigurationPlatforms) = preSolution
		Debug|Any CPU = Debug|Any CPU
		Release|Any CPU = Release|Any CPU
	EndGlobalSection
	GlobalSection(ProjectConfigurationPlatforms) = postSolution
		{D7C5E52A-168D-40A6-B7B0-7A436DB71B85}.Debug|Any CPU.ActiveCfg = Debug|Any CPU
		{D7C5E52A-168D-40A6-B7B0-7A436DB71B85}.Debug|Any CPU.Build.0 = Debug|Any CPU
		{D7C5E52A-168D-40A6-B7B0-7A436DB71B85}.Release|Any CPU.ActiveCfg = Release|Any CPU
		{D7C5E52A-168D-40A6-B7B0-7A436DB71B85}.Release|Any CPU.Build.0 = Release|Any CPU
		{358C72BF-F732-45B2-8A5A-906440F42F30}.Debug|Any CPU.ActiveCfg = Debug|Any CPU
		{358C72BF-F732-45B2-8A5A-906440F42F30}.Debug|Any CPU.Build.0 = Debug|Any CPU
		{358C72BF-F732-45B2-8A5A-906440F42F30}.Release|Any CPU.ActiveCfg = Release|Any CPU
		{358C72BF-F732-45B2-8A5A-906440F42F30}.Release|Any CPU.Build.0 = Release|Any CPU
		{A13D608C-A5BE-4C82-8BE1-CBDAF97D8D1A}.Debug|Any CPU.ActiveCfg = Debug|Any CPU
		{A13D608C-A5BE-4C82-8BE1-CBDAF97D8D1A}.Debug|Any CPU.Build.0 = Debug|Any CPU
		{A13D608C-A5BE-4C82-8BE1-CBDAF97D8D1A}.Release|Any CPU.ActiveCfg = Release|Any CPU
		{A13D608C-A5BE-4C82-8BE1-CBDAF97D8D1A}.Release|Any CPU.Build.0 = Release|Any CPU
		{4D496909-8915-44D5-97CE-A080764C74B7}.Debug|Any CPU.ActiveCfg = Debug|Any CPU
		{4D496909-8915-44D5-97CE-A080764C74B7}.Debug|Any CPU.Build.0 = Debug|Any CPU
		{4D496909-8915-44D5-97CE-A080764C74B7}.Release|Any CPU.ActiveCfg = Release|Any CPU
		{4D496909-8915-44D5-97CE-A080764C74B7}.Release|Any CPU.Build.0 = Release|Any CPU
	EndGlobalSection
	GlobalSection(SolutionProperties) = preSolution
		HideSolutionNode = FALSE
	EndGlobalSection
	GlobalSection(ExtensibilityGlobals) = postSolution
		SolutionGuid = {E2CD886F-CE4C-400D-AC81-27A3484F80D6}
	EndGlobalSection
EndGlobal
